
Microsoft Visual Studio Solution File, Format Version 12.00
# Visual Studio Version 17
VisualStudioVersion = 17.8.34525.116
MinimumVisualStudioVersion = 10.0.40219.1
Project("{FAE04EC0-301F-11D3-BF4B-00C04F79EFBC}") = "SE_DevOps_Assignment_Project", "SE_DevOps_Assignment_Project\SE_DevOps_Assignment_Project.csproj", "{FC119A02-3C0E-40AE-BA39-A317D4238D23}"
EndProject
Global
	GlobalSection(SolutionConfigurationPlatforms) = preSolution
		Debug|Any CPU = Debug|Any CPU
		Release|Any CPU = Release|Any CPU
	EndGlobalSection
	GlobalSection(ProjectConfigurationPlatforms) = postSolution
		{FC119A02-3C0E-40AE-BA39-A317D4238D23}.Debug|Any CPU.ActiveCfg = Debug|Any CPU
		{FC119A02-3C0E-40AE-BA39-A317D4238D23}.Debug|Any CPU.Build.0 = Debug|Any CPU
		{FC119A02-3C0E-40AE-BA39-A317D4238D23}.Release|Any CPU.ActiveCfg = Release|Any CPU
		{FC119A02-3C0E-40AE-BA39-A317D4238D23}.Release|Any CPU.Build.0 = Release|Any CPU
	EndGlobalSection
	GlobalSection(SolutionProperties) = preSolution
		HideSolutionNode = FALSE
	EndGlobalSection
	GlobalSection(ExtensibilityGlobals) = postSolution
		SolutionGuid = {FEACC903-5BD6-4994-B73B-323FAEC68D0D}
	EndGlobalSection
EndGlobal
